
Microsoft Visual Studio Solution File, Format Version 12.00
# Visual Studio Version 17
VisualStudioVersion = 17.7.34221.43
MinimumVisualStudioVersion = 10.0.40219.1
Project("{9A19103F-16F7-4668-BE54-9A1E7A4F7556}") = "Unify.Api", "Unify.Api\Unify.Api.csproj", "{5281CD67-308E-4409-B044-4BB43CA87751}"
EndProject
Project("{9A19103F-16F7-4668-BE54-9A1E7A4F7556}") = "Unify.Application", "Unify.Application\Unify.Application.csproj", "{C2CC0780-DE76-42F5-9666-8851D17E8A2E}"
EndProject
Project("{9A19103F-16F7-4668-BE54-9A1E7A4F7556}") = "Unify.Scheduler", "Unify.Scheduler\Unify.Scheduler.csproj", "{A195293A-0B4F-4BE2-9B69-5041C6D5F582}"
EndProject
Project("{2150E333-8FDC-42A3-9474-1A3956D46DE8}") = "Presentation", "Presentation", "{52DB6B3A-5841-4882-B6AA-9F8D7C1918DD}"
EndProject
Project("{2150E333-8FDC-42A3-9474-1A3956D46DE8}") = "BackgroundWorker", "BackgroundWorker", "{A142A921-EADF-4195-864E-329F9A87D328}"
EndProject
Project("{2150E333-8FDC-42A3-9474-1A3956D46DE8}") = "Infrastructure", "Infrastructure", "{2A0C42B6-7458-4503-8F02-B8CEA46246E6}"
EndProject
Project("{9A19103F-16F7-4668-BE54-9A1E7A4F7556}") = "Unify.Persistence", "Unify.Persistence\Unify.Persistence.csproj", "{F7657C11-C69E-4186-A4B6-02DC1EEA3DB0}"
EndProject
Project("{FAE04EC0-301F-11D3-BF4B-00C04F79EFBC}") = "Unify.EmailProcessor", "email-processor\Unify.EmailProcessor.csproj", "{52723B8F-0519-4C78-BE39-7B93A59407DE}"
EndProject
Project("{FAE04EC0-301F-11D3-BF4B-00C04F79EFBC}") = "Unify.SmsProcessor", "Unify.SmsProcessor\Unify.SmsProcessor.csproj", "{1075773B-AA6E-419C-A846-1D1C54B3E3B0}"
EndProject
Global
	GlobalSection(SolutionConfigurationPlatforms) = preSolution
		Debug|Any CPU = Debug|Any CPU
		Release|Any CPU = Release|Any CPU
	EndGlobalSection
	GlobalSection(ProjectConfigurationPlatforms) = postSolution
		{5281CD67-308E-4409-B044-4BB43CA87751}.Debug|Any CPU.ActiveCfg = Debug|Any CPU
		{5281CD67-308E-4409-B044-4BB43CA87751}.Debug|Any CPU.Build.0 = Debug|Any CPU
		{5281CD67-308E-4409-B044-4BB43CA87751}.Release|Any CPU.ActiveCfg = Release|Any CPU
		{5281CD67-308E-4409-B044-4BB43CA87751}.Release|Any CPU.Build.0 = Release|Any CPU
		{C2CC0780-DE76-42F5-9666-8851D17E8A2E}.Debug|Any CPU.ActiveCfg = Debug|Any CPU
		{C2CC0780-DE76-42F5-9666-8851D17E8A2E}.Debug|Any CPU.Build.0 = Debug|Any CPU
		{C2CC0780-DE76-42F5-9666-8851D17E8A2E}.Release|Any CPU.ActiveCfg = Release|Any CPU
		{C2CC0780-DE76-42F5-9666-8851D17E8A2E}.Release|Any CPU.Build.0 = Release|Any CPU
		{A195293A-0B4F-4BE2-9B69-5041C6D5F582}.Debug|Any CPU.ActiveCfg = Debug|Any CPU
		{A195293A-0B4F-4BE2-9B69-5041C6D5F582}.Debug|Any CPU.Build.0 = Debug|Any CPU
		{A195293A-0B4F-4BE2-9B69-5041C6D5F582}.Release|Any CPU.ActiveCfg = Release|Any CPU
		{A195293A-0B4F-4BE2-9B69-5041C6D5F582}.Release|Any CPU.Build.0 = Release|Any CPU
		{F7657C11-C69E-4186-A4B6-02DC1EEA3DB0}.Debug|Any CPU.ActiveCfg = Debug|Any CPU
		{F7657C11-C69E-4186-A4B6-02DC1EEA3DB0}.Debug|Any CPU.Build.0 = Debug|Any CPU
		{F7657C11-C69E-4186-A4B6-02DC1EEA3DB0}.Release|Any CPU.ActiveCfg = Release|Any CPU
		{F7657C11-C69E-4186-A4B6-02DC1EEA3DB0}.Release|Any CPU.Build.0 = Release|Any CPU
		{52723B8F-0519-4C78-BE39-7B93A59407DE}.Debug|Any CPU.ActiveCfg = Debug|Any CPU
		{52723B8F-0519-4C78-BE39-7B93A59407DE}.Debug|Any CPU.Build.0 = Debug|Any CPU
		{52723B8F-0519-4C78-BE39-7B93A59407DE}.Release|Any CPU.ActiveCfg = Release|Any CPU
		{52723B8F-0519-4C78-BE39-7B93A59407DE}.Release|Any CPU.Build.0 = Release|Any CPU
		{1075773B-AA6E-419C-A846-1D1C54B3E3B0}.Debug|Any CPU.ActiveCfg = Debug|Any CPU
		{1075773B-AA6E-419C-A846-1D1C54B3E3B0}.Debug|Any CPU.Build.0 = Debug|Any CPU
		{1075773B-AA6E-419C-A846-1D1C54B3E3B0}.Release|Any CPU.ActiveCfg = Release|Any CPU
		{1075773B-AA6E-419C-A846-1D1C54B3E3B0}.Release|Any CPU.Build.0 = Release|Any CPU
	EndGlobalSection
	GlobalSection(SolutionProperties) = preSolution
		HideSolutionNode = FALSE
	EndGlobalSection
	GlobalSection(NestedProjects) = preSolution
		{5281CD67-308E-4409-B044-4BB43CA87751} = {52DB6B3A-5841-4882-B6AA-9F8D7C1918DD}
		{A195293A-0B4F-4BE2-9B69-5041C6D5F582} = {A142A921-EADF-4195-864E-329F9A87D328}
		{F7657C11-C69E-4186-A4B6-02DC1EEA3DB0} = {2A0C42B6-7458-4503-8F02-B8CEA46246E6}
		{52723B8F-0519-4C78-BE39-7B93A59407DE} = {A142A921-EADF-4195-864E-329F9A87D328}
		{1075773B-AA6E-419C-A846-1D1C54B3E3B0} = {A142A921-EADF-4195-864E-329F9A87D328}
	EndGlobalSection
	GlobalSection(ExtensibilityGlobals) = postSolution
		SolutionGuid = {6ABA673F-9745-445B-9033-2A34CE327B6F}
	EndGlobalSection
EndGlobal
